
Microsoft Visual Studio Solution File, Format Version 12.00
# Visual Studio Version 17
VisualStudioVersion = 17.11.35327.3
MinimumVisualStudioVersion = 10.0.40219.1
Project("{151D2E53-A2C4-4D7D-83FE-D05416EBD58E}") = "AzureResourceGroup1", "AzureResourceGroup1\AzureResourceGroup1.deployproj", "{93087771-B0E2-47AC-8E64-3C2A0080CAFE}"
EndProject
Global
	GlobalSection(SolutionConfigurationPlatforms) = preSolution
		Debug|Any CPU = Debug|Any CPU
		Release|Any CPU = Release|Any CPU
	EndGlobalSection
	GlobalSection(ProjectConfigurationPlatforms) = postSolution
		{93087771-B0E2-47AC-8E64-3C2A0080CAFE}.Debug|Any CPU.ActiveCfg = Debug|Any CPU
		{93087771-B0E2-47AC-8E64-3C2A0080CAFE}.Debug|Any CPU.Build.0 = Debug|Any CPU
		{93087771-B0E2-47AC-8E64-3C2A0080CAFE}.Release|Any CPU.ActiveCfg = Release|Any CPU
		{93087771-B0E2-47AC-8E64-3C2A0080CAFE}.Release|Any CPU.Build.0 = Release|Any CPU
	EndGlobalSection
	GlobalSection(SolutionProperties) = preSolution
		HideSolutionNode = FALSE
	EndGlobalSection
	GlobalSection(ExtensibilityGlobals) = postSolution
		SolutionGuid = {73BBB831-BFEE-47D7-ADDF-7E2434C973D6}
	EndGlobalSection
EndGlobal
